# THIS IS AN AUTOGENERATED FILE. DO NOT EDIT THIS FILE DIRECTLY.
# yarn lockfile v1


"@babel/polyfill@^7.0.0-beta.46":
  version "7.0.0-beta.49"
  resolved "https://registry.yarnpkg.com/@babel/polyfill/-/polyfill-7.0.0-beta.49.tgz#618f8c677c30504b13f1c8812c65322fb1ac4803"
  dependencies:
    core-js "^2.5.6"
    regenerator-runtime "^0.11.1"

"@polymer/font-roboto@^3.0.0-pre.18":
  version "3.0.0-pre.18"
  resolved "https://registry.yarnpkg.com/@polymer/font-roboto/-/font-roboto-3.0.0-pre.18.tgz#be20021e0385b052b3e9cf031240822360189545"

"@polymer/iron-a11y-announcer@^3.0.0-pre.18", "@polymer/iron-a11y-announcer@^3.0.0-pre.19":
  version "3.0.0-pre.19"
  resolved "https://registry.yarnpkg.com/@polymer/iron-a11y-announcer/-/iron-a11y-announcer-3.0.0-pre.19.tgz#6a3b724df1e1cfda6f1270c359136d3e55ed7363"
  dependencies:
    "@polymer/polymer" "^3.0.0"

"@polymer/iron-a11y-keys-behavior@^3.0.0-pre.18", "@polymer/iron-a11y-keys-behavior@^3.0.0-pre.19":
  version "3.0.0-pre.19"
  resolved "https://registry.yarnpkg.com/@polymer/iron-a11y-keys-behavior/-/iron-a11y-keys-behavior-3.0.0-pre.19.tgz#4a335111c773af9c4376237be483ee196ab2d966"
  dependencies:
    "@polymer/polymer" "^3.0.0"

"@polymer/iron-autogrow-textarea@^3.0.0-pre.18":
  version "3.0.0-pre.18"
  resolved "https://registry.yarnpkg.com/@polymer/iron-autogrow-textarea/-/iron-autogrow-textarea-3.0.0-pre.18.tgz#6b4f926a6d1c04cef24c8f18998449cba4e530f8"
  dependencies:
    "@polymer/iron-behaviors" "^3.0.0-pre.18"
    "@polymer/iron-flex-layout" "^3.0.0-pre.18"
    "@polymer/iron-validatable-behavior" "^3.0.0-pre.18"
    "@polymer/polymer" "^3.0.0"

"@polymer/iron-behaviors@^3.0.0-pre.18":
  version "3.0.0-pre.18"
  resolved "https://registry.yarnpkg.com/@polymer/iron-behaviors/-/iron-behaviors-3.0.0-pre.18.tgz#7c683dfcd553d6b6f88dd5307e5d00dbebf3d9ff"
  dependencies:
    "@polymer/iron-a11y-keys-behavior" "^3.0.0-pre.18"
    "@polymer/polymer" "^3.0.0"

"@polymer/iron-checked-element-behavior@^3.0.0-pre.18":
  version "3.0.0-pre.18"
  resolved "https://registry.yarnpkg.com/@polymer/iron-checked-element-behavior/-/iron-checked-element-behavior-3.0.0-pre.18.tgz#6348f3cff3db388f4dae90b8f9a13e3620984ccf"
  dependencies:
    "@polymer/iron-form-element-behavior" "^3.0.0-pre.18"
    "@polymer/iron-validatable-behavior" "^3.0.0-pre.18"
    "@polymer/polymer" "^3.0.0"

"@polymer/iron-dropdown@^3.0.0-pre.18":
  version "3.0.0-pre.18"
  resolved "https://registry.yarnpkg.com/@polymer/iron-dropdown/-/iron-dropdown-3.0.0-pre.18.tgz#daab8b9ede08af73af03053c3aad9c144143f0f0"
  dependencies:
    "@polymer/iron-behaviors" "^3.0.0-pre.18"
    "@polymer/iron-overlay-behavior" "^3.0.0-pre.18"
    "@polymer/neon-animation" "^3.0.0-pre.18"
    "@polymer/polymer" "^3.0.0"

"@polymer/iron-fit-behavior@^3.0.0-pre.18", "@polymer/iron-fit-behavior@^3.0.0-pre.19":
  version "3.0.0-pre.19"
  resolved "https://registry.yarnpkg.com/@polymer/iron-fit-behavior/-/iron-fit-behavior-3.0.0-pre.19.tgz#db53546ccd0a9f2861326ff4a2f15387a648f796"
  dependencies:
    "@polymer/polymer" "^3.0.0"

"@polymer/iron-flex-layout@^3.0.0-pre.18":
  version "3.0.0-pre.18"
  resolved "https://registry.yarnpkg.com/@polymer/iron-flex-layout/-/iron-flex-layout-3.0.0-pre.18.tgz#1518aaf68e7f0822ae9b997f6656abbd7243bce0"
  dependencies:
    "@polymer/polymer" "^3.0.0"

"@polymer/iron-form-element-behavior@^3.0.0-pre.18":
  version "3.0.0-pre.18"
  resolved "https://registry.yarnpkg.com/@polymer/iron-form-element-behavior/-/iron-form-element-behavior-3.0.0-pre.18.tgz#7cca054691173e536b59f0f3e11342c462219c6c"
  dependencies:
    "@polymer/polymer" "^3.0.0"

"@polymer/iron-icon@^3.0.0-pre.18":
  version "3.0.0-pre.18"
  resolved "https://registry.yarnpkg.com/@polymer/iron-icon/-/iron-icon-3.0.0-pre.18.tgz#898787d407486f4751d69567bea6740a5fa738a9"
  dependencies:
    "@polymer/iron-flex-layout" "^3.0.0-pre.18"
    "@polymer/iron-meta" "^3.0.0-pre.18"
    "@polymer/polymer" "^3.0.0"

"@polymer/iron-icons@^3.0.0-pre.18":
  version "3.0.0-pre.18"
  resolved "https://registry.yarnpkg.com/@polymer/iron-icons/-/iron-icons-3.0.0-pre.18.tgz#106b15010772a3e0725c494a4ef46c8ca04f096e"
  dependencies:
    "@polymer/iron-icon" "^3.0.0-pre.18"
    "@polymer/iron-iconset-svg" "^3.0.0-pre.18"
    "@polymer/polymer" "^3.0.0"

"@polymer/iron-iconset-svg@^3.0.0-pre.18":
  version "3.0.0-pre.18"
  resolved "https://registry.yarnpkg.com/@polymer/iron-iconset-svg/-/iron-iconset-svg-3.0.0-pre.18.tgz#958fe23aee280c8444fa1b05911c2dfa638ce64c"
  dependencies:
    "@polymer/iron-meta" "^3.0.0-pre.18"
    "@polymer/polymer" "^3.0.0"

"@polymer/iron-input@^3.0.0-pre.18":
  version "3.0.0-pre.18"
  resolved "https://registry.yarnpkg.com/@polymer/iron-input/-/iron-input-3.0.0-pre.18.tgz#83eb36439623ebd3e5c0e4a9624742ab7f68fb66"
  dependencies:
    "@polymer/iron-a11y-announcer" "^3.0.0-pre.18"
    "@polymer/iron-validatable-behavior" "^3.0.0-pre.18"
    "@polymer/polymer" "^3.0.0"

"@polymer/iron-menu-behavior@^3.0.0-pre.18":
  version "3.0.0-pre.18"
  resolved "https://registry.yarnpkg.com/@polymer/iron-menu-behavior/-/iron-menu-behavior-3.0.0-pre.18.tgz#0a1c2da41c6001d6597ba3e3505c96488696085c"
  dependencies:
    "@polymer/iron-a11y-keys-behavior" "^3.0.0-pre.18"
    "@polymer/iron-flex-layout" "^3.0.0-pre.18"
    "@polymer/iron-selector" "^3.0.0-pre.18"
    "@polymer/polymer" "^3.0.0"

"@polymer/iron-meta@^3.0.0-pre.18":
  version "3.0.0-pre.18"
  resolved "https://registry.yarnpkg.com/@polymer/iron-meta/-/iron-meta-3.0.0-pre.18.tgz#e53df85249c53528681d9b049a7ab38c4bf7e65d"
  dependencies:
    "@polymer/polymer" "^3.0.0"

"@polymer/iron-overlay-behavior@^3.0.0-pre.18", "@polymer/iron-overlay-behavior@^3.0.0-pre.19":
  version "3.0.0-pre.19"
  resolved "https://registry.yarnpkg.com/@polymer/iron-overlay-behavior/-/iron-overlay-behavior-3.0.0-pre.19.tgz#0d15e901c30380e93351132be7b6fc35a93a5444"
  dependencies:
    "@polymer/iron-a11y-keys-behavior" "^3.0.0-pre.19"
    "@polymer/iron-fit-behavior" "^3.0.0-pre.19"
    "@polymer/iron-resizable-behavior" "^3.0.0-pre.19"
    "@polymer/polymer" "^3.0.0"

"@polymer/iron-pages@^3.0.0-pre.18":
  version "3.0.0-pre.18"
  resolved "https://registry.yarnpkg.com/@polymer/iron-pages/-/iron-pages-3.0.0-pre.18.tgz#004ada1002fe71eeba3f1465c56d8856ea40f529"
  dependencies:
    "@polymer/iron-resizable-behavior" "^3.0.0-pre.18"
    "@polymer/iron-selector" "^3.0.0-pre.18"
    "@polymer/polymer" "^3.0.0"

"@polymer/iron-resizable-behavior@^3.0.0-pre.18", "@polymer/iron-resizable-behavior@^3.0.0-pre.19":
  version "3.0.0-pre.19"
  resolved "https://registry.yarnpkg.com/@polymer/iron-resizable-behavior/-/iron-resizable-behavior-3.0.0-pre.19.tgz#f36f4a11c48f07c55f4b0a77a9fb7827edf97fef"
  dependencies:
    "@polymer/polymer" "^3.0.0"

"@polymer/iron-selector@^3.0.0-pre.18":
  version "3.0.0-pre.18"
  resolved "https://registry.yarnpkg.com/@polymer/iron-selector/-/iron-selector-3.0.0-pre.18.tgz#588d7aa8d2ca04e5580f8eeb70f2279884836458"
  dependencies:
    "@polymer/polymer" "^3.0.0"

"@polymer/iron-validatable-behavior@^3.0.0-pre.18":
  version "3.0.0-pre.18"
  resolved "https://registry.yarnpkg.com/@polymer/iron-validatable-behavior/-/iron-validatable-behavior-3.0.0-pre.18.tgz#1ee5fc1401150fc305beb4e3a785ebe3142e1a8e"
  dependencies:
    "@polymer/iron-meta" "^3.0.0-pre.18"
    "@polymer/polymer" "^3.0.0"

"@polymer/neon-animation@^3.0.0-pre.18":
  version "3.0.0-pre.18"
  resolved "https://registry.yarnpkg.com/@polymer/neon-animation/-/neon-animation-3.0.0-pre.18.tgz#a92159f845113ee1235c6786e4da9462c1d19d18"
  dependencies:
    "@polymer/iron-resizable-behavior" "^3.0.0-pre.18"
    "@polymer/iron-selector" "^3.0.0-pre.18"
    "@polymer/polymer" "^3.0.0"

"@polymer/paper-behaviors@^3.0.0-pre.18":
  version "3.0.0-pre.18"
  resolved "https://registry.yarnpkg.com/@polymer/paper-behaviors/-/paper-behaviors-3.0.0-pre.18.tgz#196249d6edbdffd5b8cc9432fc4ff7cef21a1212"
  dependencies:
    "@polymer/iron-behaviors" "^3.0.0-pre.18"
    "@polymer/iron-checked-element-behavior" "^3.0.0-pre.18"
    "@polymer/paper-ripple" "^3.0.0-pre.18"
    "@polymer/polymer" "^3.0.0"

"@polymer/paper-button@^3.0.0-pre.18":
  version "3.0.0-pre.18"
  resolved "https://registry.yarnpkg.com/@polymer/paper-button/-/paper-button-3.0.0-pre.18.tgz#17615c76cf23d6640ae11deeae023d99497f7a28"
  dependencies:
    "@polymer/iron-flex-layout" "^3.0.0-pre.18"
    "@polymer/paper-behaviors" "^3.0.0-pre.18"
    "@polymer/paper-styles" "^3.0.0-pre.18"
    "@polymer/polymer" "^3.0.0"

"@polymer/paper-icon-button@^3.0.0-pre.18":
  version "3.0.0-pre.18"
  resolved "https://registry.yarnpkg.com/@polymer/paper-icon-button/-/paper-icon-button-3.0.0-pre.18.tgz#c091636011d00a8761f85cc3d195a2cbd31fd1a8"
  dependencies:
    "@polymer/iron-icon" "^3.0.0-pre.18"
    "@polymer/paper-behaviors" "^3.0.0-pre.18"
    "@polymer/paper-styles" "^3.0.0-pre.18"
    "@polymer/polymer" "^3.0.0"

"@polymer/paper-input@^3.0.0-pre.18":
  version "3.0.0-pre.18"
  resolved "https://registry.yarnpkg.com/@polymer/paper-input/-/paper-input-3.0.0-pre.18.tgz#4ce351eca588eadc2440cf914189f62443210847"
  dependencies:
    "@polymer/iron-a11y-keys-behavior" "^3.0.0-pre.18"
    "@polymer/iron-autogrow-textarea" "^3.0.0-pre.18"
    "@polymer/iron-behaviors" "^3.0.0-pre.18"
    "@polymer/iron-form-element-behavior" "^3.0.0-pre.18"
    "@polymer/iron-input" "^3.0.0-pre.18"
    "@polymer/paper-styles" "^3.0.0-pre.18"
    "@polymer/polymer" "^3.0.0"

"@polymer/paper-material@^3.0.0-pre.18":
  version "3.0.0-pre.18"
  resolved "https://registry.yarnpkg.com/@polymer/paper-material/-/paper-material-3.0.0-pre.18.tgz#5ebc275084cbb2d40493a07162cff093154199be"
  dependencies:
    "@polymer/paper-styles" "^3.0.0-pre.18"
    "@polymer/polymer" "^3.0.0"

"@polymer/paper-menu-button@^3.0.0-pre.18":
  version "3.0.0-pre.18"
  resolved "https://registry.yarnpkg.com/@polymer/paper-menu-button/-/paper-menu-button-3.0.0-pre.18.tgz#1a7388b5d8bba74f27c6c571005402f7af72b8f2"
  dependencies:
    "@polymer/iron-a11y-keys-behavior" "^3.0.0-pre.18"
    "@polymer/iron-behaviors" "^3.0.0-pre.18"
    "@polymer/iron-dropdown" "^3.0.0-pre.18"
    "@polymer/iron-fit-behavior" "^3.0.0-pre.18"
    "@polymer/neon-animation" "^3.0.0-pre.18"
    "@polymer/paper-styles" "^3.0.0-pre.18"
    "@polymer/polymer" "^3.0.0"

"@polymer/paper-ripple@^3.0.0-pre.18":
  version "3.0.0-pre.18"
  resolved "https://registry.yarnpkg.com/@polymer/paper-ripple/-/paper-ripple-3.0.0-pre.18.tgz#f6e86e59499ae47919168a0ca513a0a223a660eb"
  dependencies:
    "@polymer/iron-a11y-keys-behavior" "^3.0.0-pre.18"
    "@polymer/polymer" "^3.0.0"

"@polymer/paper-styles@^3.0.0-pre.18":
  version "3.0.0-pre.18"
  resolved "https://registry.yarnpkg.com/@polymer/paper-styles/-/paper-styles-3.0.0-pre.18.tgz#732d51d9ca3d8fe59c361be4b6ea243e91c5c7d3"
  dependencies:
    "@polymer/font-roboto" "^3.0.0-pre.18"
    "@polymer/iron-flex-layout" "^3.0.0-pre.18"
    "@polymer/polymer" "^3.0.0"

"@polymer/paper-tabs@^3.0.0-pre.18":
  version "3.0.0-pre.18"
  resolved "https://registry.yarnpkg.com/@polymer/paper-tabs/-/paper-tabs-3.0.0-pre.18.tgz#ca7379bea98e007329b2abf7fe06a47a0701a7ef"
  dependencies:
    "@polymer/iron-behaviors" "^3.0.0-pre.18"
    "@polymer/iron-flex-layout" "^3.0.0-pre.18"
    "@polymer/iron-icon" "^3.0.0-pre.18"
    "@polymer/iron-iconset-svg" "^3.0.0-pre.18"
    "@polymer/iron-menu-behavior" "^3.0.0-pre.18"
    "@polymer/iron-resizable-behavior" "^3.0.0-pre.18"
    "@polymer/paper-behaviors" "^3.0.0-pre.18"
    "@polymer/paper-icon-button" "^3.0.0-pre.18"
    "@polymer/paper-styles" "^3.0.0-pre.18"
    "@polymer/polymer" "^3.0.0"

"@polymer/paper-toast@^3.0.0-pre.19":
  version "3.0.0-pre.19"
  resolved "https://registry.yarnpkg.com/@polymer/paper-toast/-/paper-toast-3.0.0-pre.19.tgz#0fe640e3bd33a82b93f454e1d85755937ee04b9a"
  dependencies:
    "@polymer/iron-a11y-announcer" "^3.0.0-pre.19"
    "@polymer/iron-fit-behavior" "^3.0.0-pre.19"
    "@polymer/iron-overlay-behavior" "^3.0.0-pre.19"
    "@polymer/polymer" "^3.0.0"

"@polymer/polymer@3.0.0", "@polymer/polymer@^3.0.0":
  version "3.0.0"
  resolved "https://registry.yarnpkg.com/@polymer/polymer/-/polymer-3.0.0.tgz#dd8050efbc3caa82857ae6354982d8a54293d3d7"
  dependencies:
    "@webcomponents/shadycss" "^1.2.0"

"@ucd-lib/cork-app-load@^0.0.4":
  version "0.0.4"
  resolved "https://registry.yarnpkg.com/@ucd-lib/cork-app-load/-/cork-app-load-0.0.4.tgz#30f410eb31ad96ac19e110be4e46fa7d8708b1c6"
  dependencies:
    "@babel/polyfill" "^7.0.0-beta.46"
    "@webcomponents/webcomponentsjs" "^2.0.0"

"@ucd-lib/cork-app-utils@^3.0.2":
  version "3.0.3"
  resolved "https://registry.yarnpkg.com/@ucd-lib/cork-app-utils/-/cork-app-utils-3.0.3.tgz#8aa8607686aeeb95dcbc25369ccd00a5c7c80abd"
  dependencies:
    fast-deep-equal "^1.1.0"
    fs-extra "^4.0.2"
    isomorphic-fetch "^2.2.1"

"@webcomponents/shadycss@^1.2.0":
  version "1.2.0"
  resolved "https://registry.yarnpkg.com/@webcomponents/shadycss/-/shadycss-1.2.0.tgz#ed660f4666a1d999182a2fc6fd0fd0f37beabe25"

"@webcomponents/webcomponentsjs@2.0.0", "@webcomponents/webcomponentsjs@^2.0.0":
  version "2.0.0"
  resolved "https://registry.yarnpkg.com/@webcomponents/webcomponentsjs/-/webcomponentsjs-2.0.0.tgz#166e7489b9ce66f5c082a3360120cb27505f762f"

babel-polyfill@^6.26.0:
  version "6.26.0"
  resolved "https://registry.yarnpkg.com/babel-polyfill/-/babel-polyfill-6.26.0.tgz#379937abc67d7895970adc621f284cd966cf2153"
  dependencies:
    babel-runtime "^6.26.0"
    core-js "^2.5.0"
    regenerator-runtime "^0.10.5"

babel-runtime@^6.26.0:
  version "6.26.0"
  resolved "https://registry.yarnpkg.com/babel-runtime/-/babel-runtime-6.26.0.tgz#965c7058668e82b55d7bfe04ff2337bc8b5647fe"
  dependencies:
    core-js "^2.4.0"
    regenerator-runtime "^0.11.0"

cimis-grid@^1.0.1:
  version "1.0.1"
  resolved "https://registry.yarnpkg.com/cimis-grid/-/cimis-grid-1.0.1.tgz#368d3f9de112b5d4db7cffc4d28198a7ff91fd0b"
  dependencies:
    proj4 "^2.4.4"

core-js@2.5.7, core-js@^2.4.0, core-js@^2.5.0, core-js@^2.5.6:
  version "2.5.7"
  resolved "https://registry.yarnpkg.com/core-js/-/core-js-2.5.7.tgz#f972608ff0cead68b841a16a932d0b183791814e"

encoding@^0.1.11:
  version "0.1.12"
  resolved "https://registry.yarnpkg.com/encoding/-/encoding-0.1.12.tgz#538b66f3ee62cd1ab51ec323829d1f9480c74beb"
  dependencies:
    iconv-lite "~0.4.13"

fast-deep-equal@^1.1.0:
  version "1.1.0"
  resolved "https://registry.yarnpkg.com/fast-deep-equal/-/fast-deep-equal-1.1.0.tgz#c053477817c86b51daa853c81e059b733d023614"

fs-extra@^4.0.2:
  version "4.0.3"
  resolved "https://registry.yarnpkg.com/fs-extra/-/fs-extra-4.0.3.tgz#0d852122e5bc5beb453fb028e9c0c9bf36340c94"
  dependencies:
    graceful-fs "^4.1.2"
    jsonfile "^4.0.0"
    universalify "^0.1.0"

graceful-fs@^4.1.2, graceful-fs@^4.1.6:
  version "4.1.11"
  resolved "https://registry.yarnpkg.com/graceful-fs/-/graceful-fs-4.1.11.tgz#0e8bdfe4d1ddb8854d64e04ea7c00e2a026e5658"

iconv-lite@~0.4.13:
  version "0.4.23"
  resolved "https://registry.yarnpkg.com/iconv-lite/-/iconv-lite-0.4.23.tgz#297871f63be507adcfbfca715d0cd0eed84e9a63"
  dependencies:
    safer-buffer ">= 2.1.2 < 3"

is-stream@^1.0.1:
  version "1.1.0"
  resolved "https://registry.yarnpkg.com/is-stream/-/is-stream-1.1.0.tgz#12d4a3dd4e68e0b79ceb8dbc84173ae80d91ca44"

isomorphic-fetch@^2.2.1:
  version "2.2.1"
  resolved "https://registry.yarnpkg.com/isomorphic-fetch/-/isomorphic-fetch-2.2.1.tgz#611ae1acf14f5e81f729507472819fe9733558a9"
  dependencies:
    node-fetch "^1.0.1"
    whatwg-fetch ">=0.10.0"

jsonfile@^4.0.0:
  version "4.0.0"
  resolved "https://registry.yarnpkg.com/jsonfile/-/jsonfile-4.0.0.tgz#8771aae0799b64076b76640fca058f9c10e33ecb"
  optionalDependencies:
    graceful-fs "^4.1.6"

mgrs@1.0.0, mgrs@~0.0.2:
  version "1.0.0"
  resolved "https://registry.yarnpkg.com/mgrs/-/mgrs-1.0.0.tgz#fb91588e78c90025672395cb40b25f7cd6ad1829"

node-fetch@^1.0.1:
  version "1.7.3"
  resolved "https://registry.yarnpkg.com/node-fetch/-/node-fetch-1.7.3.tgz#980f6f72d85211a5347c6b2bc18c5b84c3eb47ef"
  dependencies:
    encoding "^0.1.11"
    is-stream "^1.0.1"

proj4@2.3.10, proj4@^2.4.4:
  version "2.3.10"
  resolved "https://registry.yarnpkg.com/proj4/-/proj4-2.3.10.tgz#f6e66bdcca332c25a5e3d8ef265cfc9d7b60fd0c"
  dependencies:
    mgrs "~0.0.2"

regenerator-runtime@0.11.1, regenerator-runtime@^0.10.5, regenerator-runtime@^0.11.0, regenerator-runtime@^0.11.1:
  version "0.11.1"
  resolved "https://registry.yarnpkg.com/regenerator-runtime/-/regenerator-runtime-0.11.1.tgz#be05ad7f9bf7d22e056f9726cee5017fbf19e2e9"

"safer-buffer@>= 2.1.2 < 3":
  version "2.1.2"
  resolved "https://registry.yarnpkg.com/safer-buffer/-/safer-buffer-2.1.2.tgz#44fa161b0187b9549dd84bb91802f9bd8385cd6a"

universalify@^0.1.0:
  version "0.1.1"
  resolved "https://registry.yarnpkg.com/universalify/-/universalify-0.1.1.tgz#fa71badd4437af4c148841e3b3b165f9e9e590b7"

whatwg-fetch@>=0.10.0:
  version "2.0.4"
  resolved "https://registry.yarnpkg.com/whatwg-fetch/-/whatwg-fetch-2.0.4.tgz#dde6a5df315f9d39991aa17621853d720b85566f"

wkt-parser@^1.2.0:
  version "1.2.1"
  resolved "https://registry.yarnpkg.com/wkt-parser/-/wkt-parser-1.2.1.tgz#3339689dbc549c103fc5c7447543534785ff8d4d"
