# THIS IS AN AUTOGENERATED FILE. DO NOT EDIT THIS FILE DIRECTLY.
# yarn lockfile v1


"@polymer/app-layout@3.0.0-pre.13":
  version "3.0.0-pre.13"
  resolved "https://registry.yarnpkg.com/@polymer/app-layout/-/app-layout-3.0.0-pre.13.tgz#5f254dce9c565e35ad92fc972dc5b4b74796ab44"
  dependencies:
    "@polymer/iron-flex-layout" "^3.0.0-pre.13"
    "@polymer/iron-media-query" "^3.0.0-pre.13"
    "@polymer/iron-resizable-behavior" "^3.0.0-pre.13"
    "@polymer/iron-scroll-target-behavior" "^3.0.0-pre.13"
    "@polymer/polymer" "^3.0.0-pre.13"

"@polymer/font-roboto@^3.0.0-pre.15":
  version "3.0.0-pre.15"
  resolved "https://registry.yarnpkg.com/@polymer/font-roboto/-/font-roboto-3.0.0-pre.15.tgz#967d6875dabaedef3c7a263a0af03d641dd03359"

"@polymer/iron-a11y-announcer@^3.0.0-pre.15":
  version "3.0.0-pre.15"
  resolved "https://registry.yarnpkg.com/@polymer/iron-a11y-announcer/-/iron-a11y-announcer-3.0.0-pre.15.tgz#dc0c5119215fbdb8f13c70a656e5fc10a6333a21"
  dependencies:
    "@polymer/polymer" "^3.0.0-pre.13"

"@polymer/iron-a11y-keys-behavior@^3.0.0-pre.13", "@polymer/iron-a11y-keys-behavior@^3.0.0-pre.15":
  version "3.0.0-pre.15"
  resolved "https://registry.yarnpkg.com/@polymer/iron-a11y-keys-behavior/-/iron-a11y-keys-behavior-3.0.0-pre.15.tgz#702e06b12c4ff4489a51a6a4810fca2f4039b457"
  dependencies:
    "@polymer/polymer" "^3.0.0-pre.13"

"@polymer/iron-autogrow-textarea@^3.0.0-pre.13":
  version "3.0.0-pre.15"
  resolved "https://registry.yarnpkg.com/@polymer/iron-autogrow-textarea/-/iron-autogrow-textarea-3.0.0-pre.15.tgz#b6e510aaccbde87c2381f665106b3f44389283e0"
  dependencies:
    "@polymer/iron-behaviors" "^3.0.0-pre.15"
    "@polymer/iron-flex-layout" "^3.0.0-pre.15"
    "@polymer/iron-validatable-behavior" "^3.0.0-pre.15"
    "@polymer/polymer" "^3.0.0-pre.13"

"@polymer/iron-behaviors@^3.0.0-pre.13", "@polymer/iron-behaviors@^3.0.0-pre.15":
  version "3.0.0-pre.15"
  resolved "https://registry.yarnpkg.com/@polymer/iron-behaviors/-/iron-behaviors-3.0.0-pre.15.tgz#2fe1e96c06c82bf48284ebdc15fae55d6a1c8354"
  dependencies:
    "@polymer/iron-a11y-keys-behavior" "^3.0.0-pre.15"
    "@polymer/polymer" "^3.0.0-pre.13"

"@polymer/iron-checked-element-behavior@^3.0.0-pre.15":
  version "3.0.0-pre.15"
  resolved "https://registry.yarnpkg.com/@polymer/iron-checked-element-behavior/-/iron-checked-element-behavior-3.0.0-pre.15.tgz#8db6ebf4612123baad13f5701179da7054822928"
  dependencies:
    "@polymer/iron-form-element-behavior" "^3.0.0-pre.15"
    "@polymer/iron-validatable-behavior" "^3.0.0-pre.15"
    "@polymer/polymer" "^3.0.0-pre.13"

"@polymer/iron-dropdown@^3.0.0-pre.13":
  version "3.0.0-pre.15"
  resolved "https://registry.yarnpkg.com/@polymer/iron-dropdown/-/iron-dropdown-3.0.0-pre.15.tgz#96d8981ad615d9d15f725830a29e4102cc75a062"
  dependencies:
    "@polymer/iron-behaviors" "^3.0.0-pre.15"
    "@polymer/iron-overlay-behavior" "^3.0.0-pre.15"
    "@polymer/neon-animation" "^3.0.0-pre.15"
    "@polymer/polymer" "^3.0.0-pre.13"

"@polymer/iron-fit-behavior@^3.0.0-pre.13", "@polymer/iron-fit-behavior@^3.0.0-pre.15":
  version "3.0.0-pre.15"
  resolved "https://registry.yarnpkg.com/@polymer/iron-fit-behavior/-/iron-fit-behavior-3.0.0-pre.15.tgz#16f37d61faa1e7d0511eca54376342098ce38512"
  dependencies:
    "@polymer/polymer" "^3.0.0-pre.13"

"@polymer/iron-flex-layout@^3.0.0-pre.13", "@polymer/iron-flex-layout@^3.0.0-pre.15":
  version "3.0.0-pre.15"
  resolved "https://registry.yarnpkg.com/@polymer/iron-flex-layout/-/iron-flex-layout-3.0.0-pre.15.tgz#110805cf5ecd7c35ffa6f780732e1c2e1ec50386"
  dependencies:
    "@polymer/polymer" "^3.0.0-pre.13"

"@polymer/iron-form-element-behavior@^3.0.0-pre.13", "@polymer/iron-form-element-behavior@^3.0.0-pre.15":
  version "3.0.0-pre.15"
  resolved "https://registry.yarnpkg.com/@polymer/iron-form-element-behavior/-/iron-form-element-behavior-3.0.0-pre.15.tgz#58dd079c63e3d2102bf5ab73ec991926498555df"
  dependencies:
    "@polymer/polymer" "^3.0.0-pre.13"

"@polymer/iron-icon@^3.0.0-pre.13", "@polymer/iron-icon@^3.0.0-pre.15":
  version "3.0.0-pre.15"
  resolved "https://registry.yarnpkg.com/@polymer/iron-icon/-/iron-icon-3.0.0-pre.15.tgz#a9b64fd44736be51eee00f1d4b7a108ba4607b22"
  dependencies:
    "@polymer/iron-flex-layout" "^3.0.0-pre.15"
    "@polymer/iron-meta" "^3.0.0-pre.15"
    "@polymer/polymer" "^3.0.0-pre.13"

"@polymer/iron-icons@3.0.0-pre.13":
  version "3.0.0-pre.13"
  resolved "https://registry.yarnpkg.com/@polymer/iron-icons/-/iron-icons-3.0.0-pre.13.tgz#db7982df42ccf69a85b4ef464ef1685b8567eb49"
  dependencies:
    "@polymer/iron-icon" "^3.0.0-pre.13"
    "@polymer/iron-iconset-svg" "^3.0.0-pre.13"
    "@polymer/polymer" "^3.0.0-pre.13"

"@polymer/iron-iconset-svg@^3.0.0-pre.13":
  version "3.0.0-pre.15"
  resolved "https://registry.yarnpkg.com/@polymer/iron-iconset-svg/-/iron-iconset-svg-3.0.0-pre.15.tgz#1e6e014aecc792883b5c999b2bb79bed42c40ba8"
  dependencies:
    "@polymer/iron-meta" "^3.0.0-pre.15"
    "@polymer/polymer" "^3.0.0-pre.13"

"@polymer/iron-input@^3.0.0-pre.13":
  version "3.0.0-pre.15"
  resolved "https://registry.yarnpkg.com/@polymer/iron-input/-/iron-input-3.0.0-pre.15.tgz#c6581cab36edec92376dc2da776b21c14b525381"
  dependencies:
    "@polymer/iron-a11y-announcer" "^3.0.0-pre.15"
    "@polymer/iron-validatable-behavior" "^3.0.0-pre.15"
    "@polymer/polymer" "^3.0.0-pre.13"

"@polymer/iron-media-query@^3.0.0-pre.13":
  version "3.0.0-pre.15"
  resolved "https://registry.yarnpkg.com/@polymer/iron-media-query/-/iron-media-query-3.0.0-pre.15.tgz#31ed8316812e9f051d1a783180a53922470c36e5"
  dependencies:
    "@polymer/polymer" "^3.0.0-pre.13"

"@polymer/iron-menu-behavior@^3.0.0-pre.13":
  version "3.0.0-pre.15"
  resolved "https://registry.yarnpkg.com/@polymer/iron-menu-behavior/-/iron-menu-behavior-3.0.0-pre.15.tgz#cbeaaa850bcb24a4f8774b18d5a278cd9ec044c5"
  dependencies:
    "@polymer/iron-a11y-keys-behavior" "^3.0.0-pre.15"
    "@polymer/iron-flex-layout" "^3.0.0-pre.15"
    "@polymer/iron-selector" "^3.0.0-pre.15"
    "@polymer/polymer" "^3.0.0-pre.13"

"@polymer/iron-meta@^3.0.0-pre.15":
  version "3.0.0-pre.15"
  resolved "https://registry.yarnpkg.com/@polymer/iron-meta/-/iron-meta-3.0.0-pre.15.tgz#4f9e3acf0ee418db20abfd76c6593fc4fb08d941"
  dependencies:
    "@polymer/polymer" "^3.0.0-pre.13"

"@polymer/iron-overlay-behavior@^3.0.0-pre.15":
  version "3.0.0-pre.15"
  resolved "https://registry.yarnpkg.com/@polymer/iron-overlay-behavior/-/iron-overlay-behavior-3.0.0-pre.15.tgz#3df84784d64e1c41cc75ec473b084e84a0fcdac0"
  dependencies:
    "@polymer/iron-a11y-keys-behavior" "^3.0.0-pre.15"
    "@polymer/iron-fit-behavior" "^3.0.0-pre.15"
    "@polymer/iron-resizable-behavior" "^3.0.0-pre.15"
    "@polymer/polymer" "^3.0.0-pre.13"

"@polymer/iron-pages@3.0.0-pre.13":
  version "3.0.0-pre.13"
  resolved "https://registry.yarnpkg.com/@polymer/iron-pages/-/iron-pages-3.0.0-pre.13.tgz#d9a64397dc6573cf12fa348e55f0c2933aa89624"
  dependencies:
    "@polymer/iron-resizable-behavior" "^3.0.0-pre.13"
    "@polymer/iron-selector" "^3.0.0-pre.13"
    "@polymer/polymer" "^3.0.0-pre.13"

"@polymer/iron-resizable-behavior@^3.0.0-pre.13", "@polymer/iron-resizable-behavior@^3.0.0-pre.15":
  version "3.0.0-pre.15"
  resolved "https://registry.yarnpkg.com/@polymer/iron-resizable-behavior/-/iron-resizable-behavior-3.0.0-pre.15.tgz#09986ae293b876fb77e98b9ba57b3e0dceaddfed"
  dependencies:
    "@polymer/polymer" "^3.0.0-pre.13"

"@polymer/iron-scroll-target-behavior@^3.0.0-pre.13":
  version "3.0.0-pre.15"
  resolved "https://registry.yarnpkg.com/@polymer/iron-scroll-target-behavior/-/iron-scroll-target-behavior-3.0.0-pre.15.tgz#7766780cd060fdddbbd7d06f89b0550f9f6af342"
  dependencies:
    "@polymer/polymer" "^3.0.0-pre.13"

"@polymer/iron-selector@^3.0.0-pre.13", "@polymer/iron-selector@^3.0.0-pre.15":
  version "3.0.0-pre.15"
  resolved "https://registry.yarnpkg.com/@polymer/iron-selector/-/iron-selector-3.0.0-pre.15.tgz#bfeea890e87b53b8613005e338310660dfbdd14b"
  dependencies:
    "@polymer/polymer" "^3.0.0-pre.13"

"@polymer/iron-validatable-behavior@^3.0.0-pre.15":
  version "3.0.0-pre.15"
  resolved "https://registry.yarnpkg.com/@polymer/iron-validatable-behavior/-/iron-validatable-behavior-3.0.0-pre.15.tgz#6c69b12926974629a616888f6ef5aedad6929de6"
  dependencies:
    "@polymer/iron-meta" "^3.0.0-pre.15"
    "@polymer/polymer" "^3.0.0-pre.13"

"@polymer/neon-animation@^3.0.0-pre.13", "@polymer/neon-animation@^3.0.0-pre.15":
  version "3.0.0-pre.15"
  resolved "https://registry.yarnpkg.com/@polymer/neon-animation/-/neon-animation-3.0.0-pre.15.tgz#220e6b60d6f9ae6120084497ac82c95d0af54c99"
  dependencies:
    "@polymer/iron-resizable-behavior" "^3.0.0-pre.15"
    "@polymer/iron-selector" "^3.0.0-pre.15"
    "@polymer/polymer" "^3.0.0-pre.13"

"@polymer/paper-behaviors@^3.0.0-pre.13", "@polymer/paper-behaviors@^3.0.0-pre.15":
  version "3.0.0-pre.15"
  resolved "https://registry.yarnpkg.com/@polymer/paper-behaviors/-/paper-behaviors-3.0.0-pre.15.tgz#adddf8fd9d37cc9380ae7f1805d6504e1145d882"
  dependencies:
    "@polymer/iron-behaviors" "^3.0.0-pre.15"
    "@polymer/iron-checked-element-behavior" "^3.0.0-pre.15"
    "@polymer/paper-ripple" "^3.0.0-pre.15"
    "@polymer/polymer" "^3.0.0-pre.13"

"@polymer/paper-button@3.0.0-pre.13":
  version "3.0.0-pre.13"
  resolved "https://registry.yarnpkg.com/@polymer/paper-button/-/paper-button-3.0.0-pre.13.tgz#e1d96817bf89207e9cb2004f16f7b60e22e84348"
  dependencies:
    "@polymer/iron-flex-layout" "^3.0.0-pre.13"
    "@polymer/paper-behaviors" "^3.0.0-pre.13"
    "@polymer/paper-styles" "^3.0.0-pre.13"
    "@polymer/polymer" "^3.0.0-pre.13"

"@polymer/paper-icon-button@^3.0.0-pre.13":
  version "3.0.0-pre.15"
  resolved "https://registry.yarnpkg.com/@polymer/paper-icon-button/-/paper-icon-button-3.0.0-pre.15.tgz#ec487716e1a4cd48b91d3208a151feb3661b5817"
  dependencies:
    "@polymer/iron-icon" "^3.0.0-pre.15"
    "@polymer/paper-behaviors" "^3.0.0-pre.15"
    "@polymer/paper-styles" "^3.0.0-pre.15"
    "@polymer/polymer" "^3.0.0-pre.13"

"@polymer/paper-input@3.0.0-pre.13":
  version "3.0.0-pre.13"
  resolved "https://registry.yarnpkg.com/@polymer/paper-input/-/paper-input-3.0.0-pre.13.tgz#a8f543a9fcacc6d5cd8cfce2dc51375c1a4f31fc"
  dependencies:
    "@polymer/iron-a11y-keys-behavior" "^3.0.0-pre.13"
    "@polymer/iron-autogrow-textarea" "^3.0.0-pre.13"
    "@polymer/iron-behaviors" "^3.0.0-pre.13"
    "@polymer/iron-form-element-behavior" "^3.0.0-pre.13"
    "@polymer/iron-input" "^3.0.0-pre.13"
    "@polymer/paper-styles" "^3.0.0-pre.13"
    "@polymer/polymer" "^3.0.0-pre.13"

"@polymer/paper-item@3.0.0-pre.13":
  version "3.0.0-pre.13"
  resolved "https://registry.yarnpkg.com/@polymer/paper-item/-/paper-item-3.0.0-pre.13.tgz#0502f603c1f0a3346141449f174d4ae94db64b70"
  dependencies:
    "@polymer/iron-behaviors" "^3.0.0-pre.13"
    "@polymer/iron-flex-layout" "^3.0.0-pre.13"
    "@polymer/paper-styles" "^3.0.0-pre.13"
    "@polymer/polymer" "^3.0.0-pre.13"

"@polymer/paper-listbox@3.0.0-pre.13":
  version "3.0.0-pre.13"
  resolved "https://registry.yarnpkg.com/@polymer/paper-listbox/-/paper-listbox-3.0.0-pre.13.tgz#cfe164d2b6063a71c25cc426e689943301367770"
  dependencies:
    "@polymer/iron-behaviors" "^3.0.0-pre.13"
    "@polymer/iron-menu-behavior" "^3.0.0-pre.13"
    "@polymer/paper-styles" "^3.0.0-pre.13"
    "@polymer/polymer" "^3.0.0-pre.13"

"@polymer/paper-material@3.0.0-pre.13":
  version "3.0.0-pre.13"
  resolved "https://registry.yarnpkg.com/@polymer/paper-material/-/paper-material-3.0.0-pre.13.tgz#08dfea802dd1bcca9b84897e129ae60fe7f29938"
  dependencies:
    "@polymer/paper-styles" "^3.0.0-pre.13"
    "@polymer/polymer" "^3.0.0-pre.13"

"@polymer/paper-menu-button@3.0.0-pre.13":
  version "3.0.0-pre.13"
  resolved "https://registry.yarnpkg.com/@polymer/paper-menu-button/-/paper-menu-button-3.0.0-pre.13.tgz#355357d68c9cb37c23bb897df1d8dce882a8f345"
  dependencies:
    "@polymer/iron-a11y-keys-behavior" "^3.0.0-pre.13"
    "@polymer/iron-behaviors" "^3.0.0-pre.13"
    "@polymer/iron-dropdown" "^3.0.0-pre.13"
    "@polymer/iron-fit-behavior" "^3.0.0-pre.13"
    "@polymer/neon-animation" "^3.0.0-pre.13"
    "@polymer/paper-styles" "^3.0.0-pre.13"
    "@polymer/polymer" "^3.0.0-pre.13"

"@polymer/paper-ripple@^3.0.0-pre.15":
  version "3.0.0-pre.15"
  resolved "https://registry.yarnpkg.com/@polymer/paper-ripple/-/paper-ripple-3.0.0-pre.15.tgz#901cef268e3dcfffff5ea73acbc3d426fb9a97de"
  dependencies:
    "@polymer/iron-a11y-keys-behavior" "^3.0.0-pre.15"
    "@polymer/polymer" "^3.0.0-pre.13"

"@polymer/paper-spinner@3.0.0-pre.13":
  version "3.0.0-pre.13"
  resolved "https://registry.yarnpkg.com/@polymer/paper-spinner/-/paper-spinner-3.0.0-pre.13.tgz#74a6117d851fe16936efe6e9f21f60bed077d0c9"
  dependencies:
    "@polymer/paper-styles" "^3.0.0-pre.13"
    "@polymer/polymer" "^3.0.0-pre.13"

"@polymer/paper-styles@^3.0.0-pre.13", "@polymer/paper-styles@^3.0.0-pre.15":
  version "3.0.0-pre.15"
  resolved "https://registry.yarnpkg.com/@polymer/paper-styles/-/paper-styles-3.0.0-pre.15.tgz#b639d2b54e439d80b490d574d0273065bcf79389"
  dependencies:
    "@polymer/font-roboto" "^3.0.0-pre.15"
    "@polymer/iron-flex-layout" "^3.0.0-pre.15"
    "@polymer/polymer" "^3.0.0-pre.13"

"@polymer/paper-tabs@3.0.0-pre.13":
  version "3.0.0-pre.13"
  resolved "https://registry.yarnpkg.com/@polymer/paper-tabs/-/paper-tabs-3.0.0-pre.13.tgz#3d8253065eb99d4226bc176669509e2e4c06b9d6"
  dependencies:
    "@polymer/iron-behaviors" "^3.0.0-pre.13"
    "@polymer/iron-flex-layout" "^3.0.0-pre.13"
    "@polymer/iron-icon" "^3.0.0-pre.13"
    "@polymer/iron-iconset-svg" "^3.0.0-pre.13"
    "@polymer/iron-menu-behavior" "^3.0.0-pre.13"
    "@polymer/iron-resizable-behavior" "^3.0.0-pre.13"
    "@polymer/paper-behaviors" "^3.0.0-pre.13"
    "@polymer/paper-icon-button" "^3.0.0-pre.13"
    "@polymer/paper-styles" "^3.0.0-pre.13"
    "@polymer/polymer" "^3.0.0-pre.13"

"@polymer/polymer@3.0.0-pre.13", "@polymer/polymer@^3.0.0-pre.13":
  version "3.0.0-pre.13"
  resolved "https://registry.yarnpkg.com/@polymer/polymer/-/polymer-3.0.0-pre.13.tgz#1fa52303bc33157c24a9116653590663ad7173a1"
  dependencies:
    "@webcomponents/shadycss" "^1.2.0-0"

"@ucd-lib/cork-app-utils@^3.0.2":
  version "3.0.2"
  resolved "https://registry.yarnpkg.com/@ucd-lib/cork-app-utils/-/cork-app-utils-3.0.2.tgz#d4a5dfa0b2a76823a85a5848962d575d5b419083"
  dependencies:
    fast-deep-equal "^1.1.0"
    fs-extra "^4.0.2"
    isomorphic-fetch "^2.2.1"

"@webcomponents/shadycss@1.2.0-0", "@webcomponents/shadycss@^1.2.0-0":
  version "1.2.0-0"
  resolved "https://registry.yarnpkg.com/@webcomponents/shadycss/-/shadycss-1.2.0-0.tgz#3c1dd63c934de6bb253abb6d13e658e5f08e3371"

cimis-grid@^1.0.1:
  version "1.0.1"
  resolved "https://registry.yarnpkg.com/cimis-grid/-/cimis-grid-1.0.1.tgz#368d3f9de112b5d4db7cffc4d28198a7ff91fd0b"
  dependencies:
    proj4 "^2.4.4"

encoding@^0.1.11:
  version "0.1.12"
  resolved "https://registry.yarnpkg.com/encoding/-/encoding-0.1.12.tgz#538b66f3ee62cd1ab51ec323829d1f9480c74beb"
  dependencies:
    iconv-lite "~0.4.13"

fast-deep-equal@^1.1.0:
  version "1.1.0"
  resolved "https://registry.yarnpkg.com/fast-deep-equal/-/fast-deep-equal-1.1.0.tgz#c053477817c86b51daa853c81e059b733d023614"

fs-extra@^4.0.2:
  version "4.0.3"
  resolved "https://registry.yarnpkg.com/fs-extra/-/fs-extra-4.0.3.tgz#0d852122e5bc5beb453fb028e9c0c9bf36340c94"
  dependencies:
    graceful-fs "^4.1.2"
    jsonfile "^4.0.0"
    universalify "^0.1.0"

graceful-fs@^4.1.2, graceful-fs@^4.1.6:
  version "4.1.11"
  resolved "https://registry.yarnpkg.com/graceful-fs/-/graceful-fs-4.1.11.tgz#0e8bdfe4d1ddb8854d64e04ea7c00e2a026e5658"

iconv-lite@~0.4.13:
  version "0.4.21"
  resolved "https://registry.yarnpkg.com/iconv-lite/-/iconv-lite-0.4.21.tgz#c47f8733d02171189ebc4a400f3218d348094798"
  dependencies:
    safer-buffer "^2.1.0"

is-stream@^1.0.1:
  version "1.1.0"
  resolved "https://registry.yarnpkg.com/is-stream/-/is-stream-1.1.0.tgz#12d4a3dd4e68e0b79ceb8dbc84173ae80d91ca44"

isomorphic-fetch@^2.2.1:
  version "2.2.1"
  resolved "https://registry.yarnpkg.com/isomorphic-fetch/-/isomorphic-fetch-2.2.1.tgz#611ae1acf14f5e81f729507472819fe9733558a9"
  dependencies:
    node-fetch "^1.0.1"
    whatwg-fetch ">=0.10.0"

jsonfile@^4.0.0:
  version "4.0.0"
  resolved "https://registry.yarnpkg.com/jsonfile/-/jsonfile-4.0.0.tgz#8771aae0799b64076b76640fca058f9c10e33ecb"
  optionalDependencies:
    graceful-fs "^4.1.6"

mgrs@1.0.0, mgrs@~0.0.2:
  version "1.0.0"
  resolved "https://registry.yarnpkg.com/mgrs/-/mgrs-1.0.0.tgz#fb91588e78c90025672395cb40b25f7cd6ad1829"

node-fetch@^1.0.1:
  version "1.7.3"
  resolved "https://registry.yarnpkg.com/node-fetch/-/node-fetch-1.7.3.tgz#980f6f72d85211a5347c6b2bc18c5b84c3eb47ef"
  dependencies:
    encoding "^0.1.11"
    is-stream "^1.0.1"

proj4@2.3.10, proj4@^2.4.4:
  version "2.3.10"
  resolved "https://registry.yarnpkg.com/proj4/-/proj4-2.3.10.tgz#f6e66bdcca332c25a5e3d8ef265cfc9d7b60fd0c"
  dependencies:
    mgrs "~0.0.2"

safer-buffer@^2.1.0:
  version "2.1.2"
  resolved "https://registry.yarnpkg.com/safer-buffer/-/safer-buffer-2.1.2.tgz#44fa161b0187b9549dd84bb91802f9bd8385cd6a"

universalify@^0.1.0:
  version "0.1.1"
  resolved "https://registry.yarnpkg.com/universalify/-/universalify-0.1.1.tgz#fa71badd4437af4c148841e3b3b165f9e9e590b7"

whatwg-fetch@>=0.10.0:
  version "2.0.4"
  resolved "https://registry.yarnpkg.com/whatwg-fetch/-/whatwg-fetch-2.0.4.tgz#dde6a5df315f9d39991aa17621853d720b85566f"

wkt-parser@^1.2.0:
  version "1.2.1"
  resolved "https://registry.yarnpkg.com/wkt-parser/-/wkt-parser-1.2.1.tgz#3339689dbc549c103fc5c7447543534785ff8d4d"
